
Microsoft Visual Studio Solution File, Format Version 12.00
# Visual Studio 15
VisualStudioVersion = 15.0.28010.2041
MinimumVisualStudioVersion = 10.0.40219.1
Project("{FAE04EC0-301F-11D3-BF4B-00C04F79EFBC}") = "main", "main\main.csproj", "{B5403719-086B-49F2-8E50-B58AA9E4E9A4}"
EndProject
Global
	GlobalSection(SolutionConfigurationPlatforms) = preSolution
		Debug|Any CPU = Debug|Any CPU
		Release|Any CPU = Release|Any CPU
	EndGlobalSection
	GlobalSection(ProjectConfigurationPlatforms) = postSolution
		{B5403719-086B-49F2-8E50-B58AA9E4E9A4}.Debug|Any CPU.ActiveCfg = Debug|Any CPU
		{B5403719-086B-49F2-8E50-B58AA9E4E9A4}.Debug|Any CPU.Build.0 = Debug|Any CPU
		{B5403719-086B-49F2-8E50-B58AA9E4E9A4}.Release|Any CPU.ActiveCfg = Release|Any CPU
		{B5403719-086B-49F2-8E50-B58AA9E4E9A4}.Release|Any CPU.Build.0 = Release|Any CPU
	EndGlobalSection
	GlobalSection(SolutionProperties) = preSolution
		HideSolutionNode = FALSE
	EndGlobalSection
	GlobalSection(ExtensibilityGlobals) = postSolution
		SolutionGuid = {5E90AB85-C384-4141-83D5-6FD5454B7654}
	EndGlobalSection
EndGlobal
