
Microsoft Visual Studio Solution File, Format Version 12.00
# Visual Studio 15
VisualStudioVersion = 15.0.28010.2041
MinimumVisualStudioVersion = 10.0.40219.1
Project("{FAE04EC0-301F-11D3-BF4B-00C04F79EFBC}") = "worldWideImport", "worldWideImport\worldWideImport.csproj", "{C83B949C-8D58-49BB-B72B-AB6752B661BF}"
EndProject
Global
	GlobalSection(SolutionConfigurationPlatforms) = preSolution
		Debug|Any CPU = Debug|Any CPU
		Release|Any CPU = Release|Any CPU
	EndGlobalSection
	GlobalSection(ProjectConfigurationPlatforms) = postSolution
		{C83B949C-8D58-49BB-B72B-AB6752B661BF}.Debug|Any CPU.ActiveCfg = Debug|Any CPU
		{C83B949C-8D58-49BB-B72B-AB6752B661BF}.Debug|Any CPU.Build.0 = Debug|Any CPU
		{C83B949C-8D58-49BB-B72B-AB6752B661BF}.Release|Any CPU.ActiveCfg = Release|Any CPU
		{C83B949C-8D58-49BB-B72B-AB6752B661BF}.Release|Any CPU.Build.0 = Release|Any CPU
	EndGlobalSection
	GlobalSection(SolutionProperties) = preSolution
		HideSolutionNode = FALSE
	EndGlobalSection
	GlobalSection(ExtensibilityGlobals) = postSolution
		SolutionGuid = {8099D639-FF1F-4EF8-B899-CF9B21201F6E}
	EndGlobalSection
EndGlobal
